// !$*UTF8*$!
{
	archiveVersion = 1;
	classes = {
	};
	objectVersion = 50;
	objects = {

/* Begin PBXBuildFile section */
		87A134EC20D51CE7005E856A /* AppDelegate.swift in Sources */ = {isa = PBXBuildFile; fileRef = 87A134EB20D51CE7005E856A /* AppDelegate.swift */; };
		87A134EE20D51CE7005E856A /* FirstVC.swift in Sources */ = {isa = PBXBuildFile; fileRef = 87A134ED20D51CE7005E856A /* FirstVC.swift */; };
		87A134F120D51CE7005E856A /* Main.storyboard in Resources */ = {isa = PBXBuildFile; fileRef = 87A134EF20D51CE7005E856A /* Main.storyboard */; };
		87A134F320D51CE9005E856A /* Assets.xcassets in Resources */ = {isa = PBXBuildFile; fileRef = 87A134F220D51CE9005E856A /* Assets.xcassets */; };
		87A134F620D51CE9005E856A /* LaunchScreen.storyboard in Resources */ = {isa = PBXBuildFile; fileRef = 87A134F420D51CE9005E856A /* LaunchScreen.storyboard */; };
		87A134FE20D520DE005E856A /* SecondVC.swift in Sources */ = {isa = PBXBuildFile; fileRef = 87A134FD20D520DE005E856A /* SecondVC.swift */; };
		87A1350020D526FC005E856A /* CircularTransition.swift in Sources */ = {isa = PBXBuildFile; fileRef = 87A134FF20D526FC005E856A /* CircularTransition.swift */; };
/* End PBXBuildFile section */

/* Begin PBXFileReference section */
		87A134E820D51CE7005E856A /* CircularTransition.app */ = {isa = PBXFileReference; explicitFileType = wrapper.application; includeInIndex = 0; path = CircularTransition.app; sourceTree = BUILT_PRODUCTS_DIR; };
		87A134EB20D51CE7005E856A /* AppDelegate.swift */ = {isa = PBXFileReference; lastKnownFileType = sourcecode.swift; path = AppDelegate.swift; sourceTree = "<group>"; };
		87A134ED20D51CE7005E856A /* FirstVC.swift */ = {isa = PBXFileReference; lastKnownFileType = sourcecode.swift; path = FirstVC.swift; sourceTree = "<group>"; };
		87A134F020D51CE7005E856A /* Base */ = {isa = PBXFileReference; lastKnownFileType = file.storyboard; name = Base; path = Base.lproj/Main.storyboard; sourceTree = "<group>"; };
		87A134F220D51CE9005E856A /* Assets.xcassets */ = {isa = PBXFileReference; lastKnownFileType = folder.assetcatalog; path = Assets.xcassets; sourceTree = "<group>"; };
		87A134F520D51CE9005E856A /* Base */ = {isa = PBXFileReference; lastKnownFileType = file.storyboard; name = Base; path = Base.lproj/LaunchScreen.storyboard; sourceTree = "<group>"; };
		87A134F720D51CE9005E856A /* Info.plist */ = {isa = PBXFileReference; lastKnownFileType = text.plist.xml; path = Info.plist; sourceTree = "<group>"; };
		87A134FD20D520DE005E856A /* SecondVC.swift */ = {isa = PBXFileReference; lastKnownFileType = sourcecode.swift; path = SecondVC.swift; sourceTree = "<group>"; };
		87A134FF20D526FC005E856A /* CircularTransition.swift */ = {isa = PBXFileReference; lastKnownFileType = sourcecode.swift; path = CircularTransition.swift; sourceTree = "<group>"; };
/* End PBXFileReference section */

/* Begin PBXFrameworksBuildPhase section */
		87A134E520D51CE7005E856A /* Frameworks */ = {
			isa = PBXFrameworksBuildPhase;
			buildActionMask = 2147483647;
			files = (
			);
			runOnlyForDeploymentPostprocessing = 0;
		};
/* End PBXFrameworksBuildPhase section */

/* Begin PBXGroup section */
		87A134DF20D51CE7005E856A = {
			isa = PBXGroup;
			children = (
				87A134EA20D51CE7005E856A /* CircularTransition */,
				87A134E920D51CE7005E856A /* Products */,
			);
			sourceTree = "<group>";
		};
		87A134E920D51CE7005E856A /* Products */ = {
			isa = PBXGroup;
			children = (
				87A134E820D51CE7005E856A /* CircularTransition.app */,
			);
			name = Products;
			sourceTree = "<group>";
		};
		87A134EA20D51CE7005E856A /* CircularTransition */ = {
			isa = PBXGroup;
			children = (
				87A134EB20D51CE7005E856A /* AppDelegate.swift */,
				87A134ED20D51CE7005E856A /* FirstVC.swift */,
				87A134FD20D520DE005E856A /* SecondVC.swift */,
				87A134FF20D526FC005E856A /* CircularTransition.swift */,
				87A134EF20D51CE7005E856A /* Main.storyboard */,
				87A134F220D51CE9005E856A /* Assets.xcassets */,
				87A134F420D51CE9005E856A /* LaunchScreen.storyboard */,
				87A134F720D51CE9005E856A /* Info.plist */,
			);
			path = CircularTransition;
			sourceTree = "<group>";
		};
/* End PBXGroup section */

/* Begin PBXNativeTarget section */
		87A134E720D51CE7005E856A /* CircularTransition */ = {
			isa = PBXNativeTarget;
			buildConfigurationList = 87A134FA20D51CE9005E856A /* Build configuration list for PBXNativeTarget "CircularTransition" */;
			buildPhases = (
				87A134E420D51CE7005E856A /* Sources */,
				87A134E520D51CE7005E856A /* Frameworks */,
				87A134E620D51CE7005E856A /* Resources */,
			);
			buildRules = (
			);
			dependencies = (
			);
			name = CircularTransition;
			productName = CircularTransition;
			productReference = 87A134E820D51CE7005E856A /* CircularTransition.app */;
			productType = "com.apple.product-type.application";
		};
/* End PBXNativeTarget section */

/* Begin PBXProject section */
		87A134E020D51CE7005E856A /* Project object */ = {
			isa = PBXProject;
			attributes = {
				LastSwiftUpdateCheck = 0940;
				LastUpgradeCheck = 0940;
				ORGANIZATIONNAME = "Ruslan Akberov";
				TargetAttributes = {
					87A134E720D51CE7005E856A = {
						CreatedOnToolsVersion = 9.4.1;
					};
				};
			};
			buildConfigurationList = 87A134E320D51CE7005E856A /* Build configuration list for PBXProject "CircularTransition" */;
			compatibilityVersion = "Xcode 9.3";
			developmentRegion = en;
			hasScannedForEncodings = 0;
			knownRegions = (
				en,
				Base,
			);
			mainGroup = 87A134DF20D51CE7005E856A;
			productRefGroup = 87A134E920D51CE7005E856A /* Products */;
			projectDirPath = "";
			projectRoot = "";
			targets = (
				87A134E720D51CE7005E856A /* CircularTransition */,
			);
		};
/* End PBXProject section */

/* Begin PBXResourcesBuildPhase section */
		87A134E620D51CE7005E856A /* Resources */ = {
			isa = PBXResourcesBuildPhase;
			buildActionMask = 2147483647;
			files = (
				87A134F620D51CE9005E856A /* LaunchScreen.storyboard in Resources */,
				87A134F320D51CE9005E856A /* Assets.xcassets in Resources */,
				87A134F120D51CE7005E856A /* Main.storyboard in Resources */,
			);
			runOnlyForDeploymentPostprocessing = 0;
		};
/* End PBXResourcesBuildPhase section */

/* Begin PBXSourcesBuildPhase section */
		87A134E420D51CE7005E856A /* Sources */ = {
			isa = PBXSourcesBuildPhase;
			buildActionMask = 2147483647;
			files = (
				87A134EE20D51CE7005E856A /* FirstVC.swift in Sources */,
				87A134FE20D520DE005E856A /* SecondVC.swift in Sources */,
				87A134EC20D51CE7005E856A /* AppDelegate.swift in Sources */,
				87A1350020D526FC005E856A /* CircularTransition.swift in Sources */,
			);
			runOnlyForDeploymentPostprocessing = 0;
		};
/* End PBXSourcesBuildPhase section */

/* Begin PBXVariantGroup section */
		87A134EF20D51CE7005E856A /* Main.storyboard */ = {
			isa = PBXVariantGroup;
			children = (
				87A134F020D51CE7005E856A /* Base */,
			);
			name = Main.storyboard;
			sourceTree = "<group>";
		};
		87A134F420D51CE9005E856A /* LaunchScreen.storyboard */ = {
			isa = PBXVariantGroup;
			children = (
				87A134F520D51CE9005E856A /* Base */,
			);
			name = LaunchScreen.storyboard;
			sourceTree = "<group>";
		};
/* End PBXVariantGroup section */

/* Begin XCBuildConfiguration section */
		87A134F820D51CE9005E856A /* Debug */ = {
			isa = XCBuildConfiguration;
			buildSettings = {
				ALWAYS_SEARCH_USER_PATHS = NO;
				CLANG_ANALYZER_NONNULL = YES;
				CLANG_ANALYZER_NUMBER_OBJECT_CONVERSION = YES_AGGRESSIVE;
				CLANG_CXX_LANGUAGE_STANDARD = "gnu++14";
				CLANG_CXX_LIBRARY = "libc++";
				CLANG_ENABLE_MODULES = YES;
				CLANG_ENABLE_OBJC_ARC = YES;
				CLANG_ENABLE_OBJC_WEAK = YES;
				CLANG_WARN_BLOCK_CAPTURE_AUTORELEASING = YES;
				CLANG_WARN_BOOL_CONVERSION = YES;
				CLANG_WARN_COMMA = YES;
				CLANG_WARN_CONSTANT_CONVERSION = YES;
				CLANG_WARN_DEPRECATED_OBJC_IMPLEMENTATIONS = YES;
				CLANG_WARN_DIRECT_OBJC_ISA_USAGE = YES_ERROR;
				CLANG_WARN_DOCUMENTATION_COMMENTS = YES;
				CLANG_WARN_EMPTY_BODY = YES;
				CLANG_WARN_ENUM_CONVERSION = YES;
				CLANG_WARN_INFINITE_RECURSION = YES;
				CLANG_WARN_INT_CONVERSION = YES;
				CLANG_WARN_NON_LITERAL_NULL_CONVERSION = YES;
				CLANG_WARN_OBJC_IMPLICIT_RETAIN_SELF = YES;
				CLANG_WARN_OBJC_LITERAL_CONVERSION = YES;
				CLANG_WARN_OBJC_ROOT_CLASS = YES_ERROR;
				CLANG_WARN_RANGE_LOOP_ANALYSIS = YES;
				CLANG_WARN_STRICT_PROTOTYPES = YES;
				CLANG_WARN_SUSPICIOUS_MOVE = YES;
				CLANG_WARN_UNGUARDED_AVAILABILITY = YES_AGGRESSIVE;
				CLANG_WARN_UNREACHABLE_CODE = YES;
				CLANG_WARN__DUPLICATE_METHOD_MATCH = YES;
				CODE_SIGN_IDENTITY = "iPhone Developer";
				COPY_PHASE_STRIP = NO;
				DEBUG_INFORMATION_FORMAT = dwarf;
				ENABLE_STRICT_OBJC_MSGSEND = YES;
				ENABLE_TESTABILITY = YES;
				GCC_C_LANGUAGE_STANDARD = gnu11;
				GCC_DYNAMIC_NO_PIC = NO;
				GCC_NO_COMMON_BLOCKS = YES;
				GCC_OPTIMIZATION_LEVEL = 0;
				GCC_PREPROCESSOR_DEFINITIONS = (
					"DEBUG=1",
					"$(inherited)",
				);
				GCC_WARN_64_TO_32_BIT_CONVERSION = YES;
				GCC_WARN_ABOUT_RETURN_TYPE = YES_ERROR;
				GCC_WARN_UNDECLARED_SELECTOR = YES;
				GCC_WARN_UNINITIALIZED_AUTOS = YES_AGGRESSIVE;
				GCC_WARN_UNUSED_FUNCTION = YES;
				GCC_WARN_UNUSED_VARIABLE = YES;
				IPHONEOS_DEPLOYMENT_TARGET = 11.4;
				MTL_ENABLE_DEBUG_INFO = YES;
				ONLY_ACTIVE_ARCH = YES;
				SDKROOT = iphoneos;
				SWIFT_ACTIVE_COMPILATION_CONDITIONS = DEBUG;
				SWIFT_OPTIMIZATION_LEVEL = "-Onone";
			};
			name = Debug;
		};
		87A134F920D51CE9005E856A /* Release */ = {
			isa = XCBuildConfiguration;
			buildSettings = {
				ALWAYS_SEARCH_USER_PATHS = NO;
				CLANG_ANALYZER_NONNULL = YES;
				CLANG_ANALYZER_NUMBER_OBJECT_CONVERSION = YES_AGGRESSIVE;
				CLANG_CXX_LANGUAGE_STANDARD = "gnu++14";
				CLANG_CXX_LIBRARY = "libc++";
				CLANG_ENABLE_MODULES = YES;
				CLANG_ENABLE_OBJC_ARC = YES;
				CLANG_ENABLE_OBJC_WEAK = YES;
				CLANG_WARN_BLOCK_CAPTURE_AUTORELEASING = YES;
				CLANG_WARN_BOOL_CONVERSION = YES;
				CLANG_WARN_COMMA = YES;
				CLANG_WARN_CONSTANT_CONVERSION = YES;
				CLANG_WARN_DEPRECATED_OBJC_IMPLEMENTATIONS = YES;
				CLANG_WARN_DIRECT_OBJC_ISA_USAGE = YES_ERROR;
				CLANG_WARN_DOCUMENTATION_COMMENTS = YES;
				CLANG_WARN_EMPTY_BODY = YES;
				CLANG_WARN_ENUM_CONVERSION = YES;
				CLANG_WARN_INFINITE_RECURSION = YES;
				CLANG_WARN_INT_CONVERSION = YES;
				CLANG_WARN_NON_LITERAL_NULL_CONVERSION = YES;
				CLANG_WARN_OBJC_IMPLICIT_RETAIN_SELF = YES;
				CLANG_WARN_OBJC_LITERAL_CONVERSION = YES;
				CLANG_WARN_OBJC_ROOT_CLASS = YES_ERROR;
				CLANG_WARN_RANGE_LOOP_ANALYSIS = YES;
				CLANG_WARN_STRICT_PROTOTYPES = YES;
				CLANG_WARN_SUSPICIOUS_MOVE = YES;
				CLANG_WARN_UNGUARDED_AVAILABILITY = YES_AGGRESSIVE;
				CLANG_WARN_UNREACHABLE_CODE = YES;
				CLANG_WARN__DUPLICATE_METHOD_MATCH = YES;
				CODE_SIGN_IDENTITY = "iPhone Developer";
				COPY_PHASE_STRIP = NO;
				DEBUG_INFORMATION_FORMAT = "dwarf-with-dsym";
				ENABLE_NS_ASSERTIONS = NO;
				ENABLE_STRICT_OBJC_MSGSEND = YES;
				GCC_C_LANGUAGE_STANDARD = gnu11;
				GCC_NO_COMMON_BLOCKS = YES;
				GCC_WARN_64_TO_32_BIT_CONVERSION = YES;
				GCC_WARN_ABOUT_RETURN_TYPE = YES_ERROR;
				GCC_WARN_UNDECLARED_SELECTOR = YES;
				GCC_WARN_UNINITIALIZED_AUTOS = YES_AGGRESSIVE;
				GCC_WARN_UNUSED_FUNCTION = YES;
				GCC_WARN_UNUSED_VARIABLE = YES;
				IPHONEOS_DEPLOYMENT_TARGET = 11.4;
				MTL_ENABLE_DEBUG_INFO = NO;
				SDKROOT = iphoneos;
				SWIFT_COMPILATION_MODE = wholemodule;
				SWIFT_OPTIMIZATION_LEVEL = "-O";
				VALIDATE_PRODUCT = YES;
			};
			name = Release;
		};
		87A134FB20D51CE9005E856A /* Debug */ = {
			isa = XCBuildConfiguration;
			buildSettings = {
				ASSETCATALOG_COMPILER_APPICON_NAME = AppIcon;
				CODE_SIGN_STYLE = Automatic;
				DEVELOPMENT_TEAM = JMYF9P9VY4;
				INFOPLIST_FILE = CircularTransition/Info.plist;
				LD_RUNPATH_SEARCH_PATHS = (
					"$(inherited)",
					"@executable_path/Frameworks",
				);
				PRODUCT_BUNDLE_IDENTIFIER = com.akberovapps.CircularTransition;
				PRODUCT_NAME = "$(TARGET_NAME)";
				SWIFT_VERSION = 4.0;
				TARGETED_DEVICE_FAMILY = "1,2";
			};
			name = Debug;
		};
		87A134FC20D51CE9005E856A /* Release */ = {
			isa = XCBuildConfiguration;
			buildSettings = {
				ASSETCATALOG_COMPILER_APPICON_NAME = AppIcon;
				CODE_SIGN_STYLE = Automatic;
				DEVELOPMENT_TEAM = JMYF9P9VY4;
				INFOPLIST_FILE = CircularTransition/Info.plist;
				LD_RUNPATH_SEARCH_PATHS = (
					"$(inherited)",
					"@executable_path/Frameworks",
				);
				PRODUCT_BUNDLE_IDENTIFIER = com.akberovapps.CircularTransition;
				PRODUCT_NAME = "$(TARGET_NAME)";
				SWIFT_VERSION = 4.0;
				TARGETED_DEVICE_FAMILY = "1,2";
			};
			name = Release;
		};
/* End XCBuildConfiguration section */

/* Begin XCConfigurationList section */
		87A134E320D51CE7005E856A /* Build configuration list for PBXProject "CircularTransition" */ = {
			isa = XCConfigurationList;
			buildConfigurations = (
				87A134F820D51CE9005E856A /* Debug */,
				87A134F920D51CE9005E856A /* Release */,
			);
			defaultConfigurationIsVisible = 0;
			defaultConfigurationName = Release;
		};
		87A134FA20D51CE9005E856A /* Build configuration list for PBXNativeTarget "CircularTransition" */ = {
			isa = XCConfigurationList;
			buildConfigurations = (
				87A134FB20D51CE9005E856A /* Debug */,
				87A134FC20D51CE9005E856A /* Release */,
			);
			defaultConfigurationIsVisible = 0;
			defaultConfigurationName = Release;
		};
/* End XCConfigurationList section */
	};
	rootObject = 87A134E020D51CE7005E856A /* Project object */;
}
